// !$*UTF8*$!
{
	archiveVersion = 1;
	classes = {
	};
	objectVersion = 50;
	objects = {

/* Begin PBXBuildFile section */
		230C5F7024B8514800621AD8 /* CustomizeFormatViewController.m in Sources */ = {isa = PBXBuildFile; fileRef = 230C5F6F24B8514800621AD8 /* CustomizeFormatViewController.m */; };
		235B774C24B724140002625F /* AppDelegate.m in Sources */ = {isa = PBXBuildFile; fileRef = 235B774B24B724140002625F /* AppDelegate.m */; };
		235B775224B724140002625F /* ViewController.m in Sources */ = {isa = PBXBuildFile; fileRef = 235B775124B724140002625F /* ViewController.m */; };
		235B775524B724140002625F /* Main.storyboard in Resources */ = {isa = PBXBuildFile; fileRef = 235B775324B724140002625F /* Main.storyboard */; };
		235B775724B724150002625F /* Assets.xcassets in Resources */ = {isa = PBXBuildFile; fileRef = 235B775624B724150002625F /* Assets.xcassets */; };
		235B775A24B724150002625F /* LaunchScreen.storyboard in Resources */ = {isa = PBXBuildFile; fileRef = 235B775824B724150002625F /* LaunchScreen.storyboard */; };
		235B775D24B724150002625F /* main.m in Sources */ = {isa = PBXBuildFile; fileRef = 235B775C24B724150002625F /* main.m */; };
/* End PBXBuildFile section */

/* Begin PBXFileReference section */
		230C5F6E24B8514800621AD8 /* CustomizeFormatViewController.h */ = {isa = PBXFileReference; lastKnownFileType = sourcecode.c.h; path = CustomizeFormatViewController.h; sourceTree = "<group>"; };
		230C5F6F24B8514800621AD8 /* CustomizeFormatViewController.m */ = {isa = PBXFileReference; lastKnownFileType = sourcecode.c.objc; path = CustomizeFormatViewController.m; sourceTree = "<group>"; };
		235B774724B724140002625F /* HMLogDemo.app */ = {isa = PBXFileReference; explicitFileType = wrapper.application; includeInIndex = 0; path = HMLogDemo.app; sourceTree = BUILT_PRODUCTS_DIR; };
		235B774A24B724140002625F /* AppDelegate.h */ = {isa = PBXFileReference; lastKnownFileType = sourcecode.c.h; path = AppDelegate.h; sourceTree = "<group>"; };
		235B774B24B724140002625F /* AppDelegate.m */ = {isa = PBXFileReference; lastKnownFileType = sourcecode.c.objc; path = AppDelegate.m; sourceTree = "<group>"; };
		235B775024B724140002625F /* ViewController.h */ = {isa = PBXFileReference; lastKnownFileType = sourcecode.c.h; path = ViewController.h; sourceTree = "<group>"; };
		235B775124B724140002625F /* ViewController.m */ = {isa = PBXFileReference; lastKnownFileType = sourcecode.c.objc; path = ViewController.m; sourceTree = "<group>"; };
		235B775424B724140002625F /* Base */ = {isa = PBXFileReference; lastKnownFileType = file.storyboard; name = Base; path = Base.lproj/Main.storyboard; sourceTree = "<group>"; };
		235B775624B724150002625F /* Assets.xcassets */ = {isa = PBXFileReference; lastKnownFileType = folder.assetcatalog; path = Assets.xcassets; sourceTree = "<group>"; };
		235B775924B724150002625F /* Base */ = {isa = PBXFileReference; lastKnownFileType = file.storyboard; name = Base; path = Base.lproj/LaunchScreen.storyboard; sourceTree = "<group>"; };
		235B775B24B724150002625F /* Info.plist */ = {isa = PBXFileReference; lastKnownFileType = text.plist.xml; path = Info.plist; sourceTree = "<group>"; };
		235B775C24B724150002625F /* main.m */ = {isa = PBXFileReference; lastKnownFileType = sourcecode.c.objc; path = main.m; sourceTree = "<group>"; };
		235B776424B725760002625F /* HMLog.h */ = {isa = PBXFileReference; fileEncoding = 4; lastKnownFileType = sourcecode.c.h; path = HMLog.h; sourceTree = "<group>"; };
/* End PBXFileReference section */

/* Begin PBXFrameworksBuildPhase section */
		235B774424B724140002625F /* Frameworks */ = {
			isa = PBXFrameworksBuildPhase;
			buildActionMask = 2147483647;
			files = (
			);
			runOnlyForDeploymentPostprocessing = 0;
		};
/* End PBXFrameworksBuildPhase section */

/* Begin PBXGroup section */
		235B773E24B724140002625F = {
			isa = PBXGroup;
			children = (
				235B776324B725760002625F /* HMLog */,
				235B774924B724140002625F /* HMLogDemo */,
				235B774824B724140002625F /* Products */,
			);
			sourceTree = "<group>";
		};
		235B774824B724140002625F /* Products */ = {
			isa = PBXGroup;
			children = (
				235B774724B724140002625F /* HMLogDemo.app */,
			);
			name = Products;
			sourceTree = "<group>";
		};
		235B774924B724140002625F /* HMLogDemo */ = {
			isa = PBXGroup;
			children = (
				235B774A24B724140002625F /* AppDelegate.h */,
				235B774B24B724140002625F /* AppDelegate.m */,
				235B775024B724140002625F /* ViewController.h */,
				235B775124B724140002625F /* ViewController.m */,
				230C5F6E24B8514800621AD8 /* CustomizeFormatViewController.h */,
				230C5F6F24B8514800621AD8 /* CustomizeFormatViewController.m */,
				235B775324B724140002625F /* Main.storyboard */,
				235B775624B724150002625F /* Assets.xcassets */,
				235B775824B724150002625F /* LaunchScreen.storyboard */,
				235B775B24B724150002625F /* Info.plist */,
				235B775C24B724150002625F /* main.m */,
			);
			path = HMLogDemo;
			sourceTree = "<group>";
		};
		235B776324B725760002625F /* HMLog */ = {
			isa = PBXGroup;
			children = (
				235B776424B725760002625F /* HMLog.h */,
			);
			name = HMLog;
			path = ../HMLog;
			sourceTree = "<group>";
		};
/* End PBXGroup section */

/* Begin PBXNativeTarget section */
		235B774624B724140002625F /* HMLogDemo */ = {
			isa = PBXNativeTarget;
			buildConfigurationList = 235B776024B724150002625F /* Build configuration list for PBXNativeTarget "HMLogDemo" */;
			buildPhases = (
				235B774324B724140002625F /* Sources */,
				235B774424B724140002625F /* Frameworks */,
				235B774524B724140002625F /* Resources */,
			);
			buildRules = (
			);
			dependencies = (
			);
			name = HMLogDemo;
			productName = HMLogDemo;
			productReference = 235B774724B724140002625F /* HMLogDemo.app */;
			productType = "com.apple.product-type.application";
		};
/* End PBXNativeTarget section */

/* Begin PBXProject section */
		235B773F24B724140002625F /* Project object */ = {
			isa = PBXProject;
			attributes = {
				LastUpgradeCheck = 1150;
				ORGANIZATIONNAME = chenhuimao;
				TargetAttributes = {
					235B774624B724140002625F = {
						CreatedOnToolsVersion = 11.5;
					};
				};
			};
			buildConfigurationList = 235B774224B724140002625F /* Build configuration list for PBXProject "HMLogDemo" */;
			compatibilityVersion = "Xcode 9.3";
			developmentRegion = en;
			hasScannedForEncodings = 0;
			knownRegions = (
				en,
				Base,
			);
			mainGroup = 235B773E24B724140002625F;
			productRefGroup = 235B774824B724140002625F /* Products */;
			projectDirPath = "";
			projectRoot = "";
			targets = (
				235B774624B724140002625F /* HMLogDemo */,
			);
		};
/* End PBXProject section */

/* Begin PBXResourcesBuildPhase section */
		235B774524B724140002625F /* Resources */ = {
			isa = PBXResourcesBuildPhase;
			buildActionMask = 2147483647;
			files = (
				235B775A24B724150002625F /* LaunchScreen.storyboard in Resources */,
				235B775724B724150002625F /* Assets.xcassets in Resources */,
				235B775524B724140002625F /* Main.storyboard in Resources */,
			);
			runOnlyForDeploymentPostprocessing = 0;
		};
/* End PBXResourcesBuildPhase section */

/* Begin PBXSourcesBuildPhase section */
		235B774324B724140002625F /* Sources */ = {
			isa = PBXSourcesBuildPhase;
			buildActionMask = 2147483647;
			files = (
				235B775224B724140002625F /* ViewController.m in Sources */,
				230C5F7024B8514800621AD8 /* CustomizeFormatViewController.m in Sources */,
				235B774C24B724140002625F /* AppDelegate.m in Sources */,
				235B775D24B724150002625F /* main.m in Sources */,
			);
			runOnlyForDeploymentPostprocessing = 0;
		};
/* End PBXSourcesBuildPhase section */

/* Begin PBXVariantGroup section */
		235B775324B724140002625F /* Main.storyboard */ = {
			isa = PBXVariantGroup;
			children = (
				235B775424B724140002625F /* Base */,
			);
			name = Main.storyboard;
			sourceTree = "<group>";
		};
		235B775824B724150002625F /* LaunchScreen.storyboard */ = {
			isa = PBXVariantGroup;
			children = (
				235B775924B724150002625F /* Base */,
			);
			name = LaunchScreen.storyboard;
			sourceTree = "<group>";
		};
/* End PBXVariantGroup section */

/* Begin XCBuildConfiguration section */
		235B775E24B724150002625F /* Debug */ = {
			isa = XCBuildConfiguration;
			buildSettings = {
				ALWAYS_SEARCH_USER_PATHS = NO;
				CLANG_ANALYZER_NONNULL = YES;
				CLANG_ANALYZER_NUMBER_OBJECT_CONVERSION = YES_AGGRESSIVE;
				CLANG_CXX_LANGUAGE_STANDARD = "gnu++14";
				CLANG_CXX_LIBRARY = "libc++";
				CLANG_ENABLE_MODULES = YES;
				CLANG_ENABLE_OBJC_ARC = YES;
				CLANG_ENABLE_OBJC_WEAK = YES;
				CLANG_WARN_BLOCK_CAPTURE_AUTORELEASING = YES;
				CLANG_WARN_BOOL_CONVERSION = YES;
				CLANG_WARN_COMMA = YES;
				CLANG_WARN_CONSTANT_CONVERSION = YES;
				CLANG_WARN_DEPRECATED_OBJC_IMPLEMENTATIONS = YES;
				CLANG_WARN_DIRECT_OBJC_ISA_USAGE = YES_ERROR;
				CLANG_WARN_DOCUMENTATION_COMMENTS = YES;
				CLANG_WARN_EMPTY_BODY = YES;
				CLANG_WARN_ENUM_CONVERSION = YES;
				CLANG_WARN_INFINITE_RECURSION = YES;
				CLANG_WARN_INT_CONVERSION = YES;
				CLANG_WARN_NON_LITERAL_NULL_CONVERSION = YES;
				CLANG_WARN_OBJC_IMPLICIT_RETAIN_SELF = YES;
				CLANG_WARN_OBJC_LITERAL_CONVERSION = YES;
				CLANG_WARN_OBJC_ROOT_CLASS = YES_ERROR;
				CLANG_WARN_RANGE_LOOP_ANALYSIS = YES;
				CLANG_WARN_STRICT_PROTOTYPES = YES;
				CLANG_WARN_SUSPICIOUS_MOVE = YES;
				CLANG_WARN_UNGUARDED_AVAILABILITY = YES_AGGRESSIVE;
				CLANG_WARN_UNREACHABLE_CODE = YES;
				CLANG_WARN__DUPLICATE_METHOD_MATCH = YES;
				COPY_PHASE_STRIP = NO;
				DEBUG_INFORMATION_FORMAT = dwarf;
				ENABLE_STRICT_OBJC_MSGSEND = YES;
				ENABLE_TESTABILITY = YES;
				GCC_C_LANGUAGE_STANDARD = gnu11;
				GCC_DYNAMIC_NO_PIC = NO;
				GCC_NO_COMMON_BLOCKS = YES;
				GCC_OPTIMIZATION_LEVEL = 0;
				GCC_PREPROCESSOR_DEFINITIONS = (
					"DEBUG=1",
					"$(inherited)",
				);
				GCC_WARN_64_TO_32_BIT_CONVERSION = YES;
				GCC_WARN_ABOUT_RETURN_TYPE = YES_ERROR;
				GCC_WARN_UNDECLARED_SELECTOR = YES;
				GCC_WARN_UNINITIALIZED_AUTOS = YES_AGGRESSIVE;
				GCC_WARN_UNUSED_FUNCTION = YES;
				GCC_WARN_UNUSED_VARIABLE = YES;
				HEADER_SEARCH_PATHS = "$(PROJECT_DIR)/../HMLog";
				IPHONEOS_DEPLOYMENT_TARGET = 9.0;
				MTL_ENABLE_DEBUG_INFO = INCLUDE_SOURCE;
				MTL_FAST_MATH = YES;
				ONLY_ACTIVE_ARCH = YES;
				SDKROOT = iphoneos;
			};
			name = Debug;
		};
		235B775F24B724150002625F /* Release */ = {
			isa = XCBuildConfiguration;
			buildSettings = {
				ALWAYS_SEARCH_USER_PATHS = NO;
				CLANG_ANALYZER_NONNULL = YES;
				CLANG_ANALYZER_NUMBER_OBJECT_CONVERSION = YES_AGGRESSIVE;
				CLANG_CXX_LANGUAGE_STANDARD = "gnu++14";
				CLANG_CXX_LIBRARY = "libc++";
				CLANG_ENABLE_MODULES = YES;
				CLANG_ENABLE_OBJC_ARC = YES;
				CLANG_ENABLE_OBJC_WEAK = YES;
				CLANG_WARN_BLOCK_CAPTURE_AUTORELEASING = YES;
				CLANG_WARN_BOOL_CONVERSION = YES;
				CLANG_WARN_COMMA = YES;
				CLANG_WARN_CONSTANT_CONVERSION = YES;
				CLANG_WARN_DEPRECATED_OBJC_IMPLEMENTATIONS = YES;
				CLANG_WARN_DIRECT_OBJC_ISA_USAGE = YES_ERROR;
				CLANG_WARN_DOCUMENTATION_COMMENTS = YES;
				CLANG_WARN_EMPTY_BODY = YES;
				CLANG_WARN_ENUM_CONVERSION = YES;
				CLANG_WARN_INFINITE_RECURSION = YES;
				CLANG_WARN_INT_CONVERSION = YES;
				CLANG_WARN_NON_LITERAL_NULL_CONVERSION = YES;
				CLANG_WARN_OBJC_IMPLICIT_RETAIN_SELF = YES;
				CLANG_WARN_OBJC_LITERAL_CONVERSION = YES;
				CLANG_WARN_OBJC_ROOT_CLASS = YES_ERROR;
				CLANG_WARN_RANGE_LOOP_ANALYSIS = YES;
				CLANG_WARN_STRICT_PROTOTYPES = YES;
				CLANG_WARN_SUSPICIOUS_MOVE = YES;
				CLANG_WARN_UNGUARDED_AVAILABILITY = YES_AGGRESSIVE;
				CLANG_WARN_UNREACHABLE_CODE = YES;
				CLANG_WARN__DUPLICATE_METHOD_MATCH = YES;
				COPY_PHASE_STRIP = NO;
				DEBUG_INFORMATION_FORMAT = "dwarf-with-dsym";
				ENABLE_NS_ASSERTIONS = NO;
				ENABLE_STRICT_OBJC_MSGSEND = YES;
				GCC_C_LANGUAGE_STANDARD = gnu11;
				GCC_NO_COMMON_BLOCKS = YES;
				GCC_WARN_64_TO_32_BIT_CONVERSION = YES;
				GCC_WARN_ABOUT_RETURN_TYPE = YES_ERROR;
				GCC_WARN_UNDECLARED_SELECTOR = YES;
				GCC_WARN_UNINITIALIZED_AUTOS = YES_AGGRESSIVE;
				GCC_WARN_UNUSED_FUNCTION = YES;
				GCC_WARN_UNUSED_VARIABLE = YES;
				HEADER_SEARCH_PATHS = "$(PROJECT_DIR)/../HMLog";
				IPHONEOS_DEPLOYMENT_TARGET = 9.0;
				MTL_ENABLE_DEBUG_INFO = NO;
				MTL_FAST_MATH = YES;
				SDKROOT = iphoneos;
				VALIDATE_PRODUCT = YES;
			};
			name = Release;
		};
		235B776124B724150002625F /* Debug */ = {
			isa = XCBuildConfiguration;
			buildSettings = {
				ASSETCATALOG_COMPILER_APPICON_NAME = AppIcon;
				CODE_SIGN_STYLE = Automatic;
				INFOPLIST_FILE = HMLogDemo/Info.plist;
				LD_RUNPATH_SEARCH_PATHS = (
					"$(inherited)",
					"@executable_path/Frameworks",
				);
				PRODUCT_BUNDLE_IDENTIFIER = com.chm.HMLogDemo;
				PRODUCT_NAME = "$(TARGET_NAME)";
				TARGETED_DEVICE_FAMILY = "1,2";
			};
			name = Debug;
		};
		235B776224B724150002625F /* Release */ = {
			isa = XCBuildConfiguration;
			buildSettings = {
				ASSETCATALOG_COMPILER_APPICON_NAME = AppIcon;
				CODE_SIGN_STYLE = Automatic;
				INFOPLIST_FILE = HMLogDemo/Info.plist;
				LD_RUNPATH_SEARCH_PATHS = (
					"$(inherited)",
					"@executable_path/Frameworks",
				);
				PRODUCT_BUNDLE_IDENTIFIER = com.chm.HMLogDemo;
				PRODUCT_NAME = "$(TARGET_NAME)";
				TARGETED_DEVICE_FAMILY = "1,2";
			};
			name = Release;
		};
/* End XCBuildConfiguration section */

/* Begin XCConfigurationList section */
		235B774224B724140002625F /* Build configuration list for PBXProject "HMLogDemo" */ = {
			isa = XCConfigurationList;
			buildConfigurations = (
				235B775E24B724150002625F /* Debug */,
				235B775F24B724150002625F /* Release */,
			);
			defaultConfigurationIsVisible = 0;
			defaultConfigurationName = Release;
		};
		235B776024B724150002625F /* Build configuration list for PBXNativeTarget "HMLogDemo" */ = {
			isa = XCConfigurationList;
			buildConfigurations = (
				235B776124B724150002625F /* Debug */,
				235B776224B724150002625F /* Release */,
			);
			defaultConfigurationIsVisible = 0;
			defaultConfigurationName = Release;
		};
/* End XCConfigurationList section */
	};
	rootObject = 235B773F24B724140002625F /* Project object */;
}
